// !$*UTF8*$!
{
	archiveVersion = 1;
	classes = {
	};
	objectVersion = 56;
	objects = {

/* Begin PBXBuildFile section */
		721069392A2E9F80009F4D0F /* DogsBreedsImagesApp.swift in Sources */ = {isa = PBXBuildFile; fileRef = 721069382A2E9F80009F4D0F /* DogsBreedsImagesApp.swift */; };
		7210693B2A2E9F80009F4D0F /* ContentView.swift in Sources */ = {isa = PBXBuildFile; fileRef = 7210693A2A2E9F80009F4D0F /* ContentView.swift */; };
		7210693D2A2E9F81009F4D0F /* Assets.xcassets in Resources */ = {isa = PBXBuildFile; fileRef = 7210693C2A2E9F81009F4D0F /* Assets.xcassets */; };
		721069402A2E9F81009F4D0F /* Preview Assets.xcassets in Resources */ = {isa = PBXBuildFile; fileRef = 7210693F2A2E9F81009F4D0F /* Preview Assets.xcassets */; };
		7210694B2A2EA00E009F4D0F /* DogBreed.swift in Sources */ = {isa = PBXBuildFile; fileRef = 7210694A2A2EA00E009F4D0F /* DogBreed.swift */; };
		7210694D2A2EA026009F4D0F /* DogApi.swift in Sources */ = {isa = PBXBuildFile; fileRef = 7210694C2A2EA026009F4D0F /* DogApi.swift */; };
		721069502A2EA059009F4D0F /* Alamofire in Frameworks */ = {isa = PBXBuildFile; productRef = 7210694F2A2EA059009F4D0F /* Alamofire */; };
		721069522A2EA094009F4D0F /* BreedViewModel.swift in Sources */ = {isa = PBXBuildFile; fileRef = 721069512A2EA094009F4D0F /* BreedViewModel.swift */; };
		721069542A2EA0DB009F4D0F /* BreedListView.swift in Sources */ = {isa = PBXBuildFile; fileRef = 721069532A2EA0DB009F4D0F /* BreedListView.swift */; };
		721069562A2EA0FE009F4D0F /* BreedDetailView.swift in Sources */ = {isa = PBXBuildFile; fileRef = 721069552A2EA0FE009F4D0F /* BreedDetailView.swift */; };
		7275AA632A3777F300776C06 /* ListItemView.swift in Sources */ = {isa = PBXBuildFile; fileRef = 7275AA622A3777F300776C06 /* ListItemView.swift */; };
		72F2D53E2A2F787900645DE2 /* SearchBar.swift in Sources */ = {isa = PBXBuildFile; fileRef = 72F2D53D2A2F787900645DE2 /* SearchBar.swift */; };
/* End PBXBuildFile section */

/* Begin PBXFileReference section */
		721069352A2E9F80009F4D0F /* DogsBreedsImages.app */ = {isa = PBXFileReference; explicitFileType = wrapper.application; includeInIndex = 0; path = DogsBreedsImages.app; sourceTree = BUILT_PRODUCTS_DIR; };
		721069382A2E9F80009F4D0F /* DogsBreedsImagesApp.swift */ = {isa = PBXFileReference; lastKnownFileType = sourcecode.swift; path = DogsBreedsImagesApp.swift; sourceTree = "<group>"; };
		7210693A2A2E9F80009F4D0F /* ContentView.swift */ = {isa = PBXFileReference; lastKnownFileType = sourcecode.swift; path = ContentView.swift; sourceTree = "<group>"; };
		7210693C2A2E9F81009F4D0F /* Assets.xcassets */ = {isa = PBXFileReference; lastKnownFileType = folder.assetcatalog; path = Assets.xcassets; sourceTree = "<group>"; };
		7210693F2A2E9F81009F4D0F /* Preview Assets.xcassets */ = {isa = PBXFileReference; lastKnownFileType = folder.assetcatalog; path = "Preview Assets.xcassets"; sourceTree = "<group>"; };
		7210694A2A2EA00E009F4D0F /* DogBreed.swift */ = {isa = PBXFileReference; lastKnownFileType = sourcecode.swift; path = DogBreed.swift; sourceTree = "<group>"; };
		7210694C2A2EA026009F4D0F /* DogApi.swift */ = {isa = PBXFileReference; lastKnownFileType = sourcecode.swift; path = DogApi.swift; sourceTree = "<group>"; };
		721069512A2EA094009F4D0F /* BreedViewModel.swift */ = {isa = PBXFileReference; lastKnownFileType = sourcecode.swift; path = BreedViewModel.swift; sourceTree = "<group>"; };
		721069532A2EA0DB009F4D0F /* BreedListView.swift */ = {isa = PBXFileReference; lastKnownFileType = sourcecode.swift; path = BreedListView.swift; sourceTree = "<group>"; };
		721069552A2EA0FE009F4D0F /* BreedDetailView.swift */ = {isa = PBXFileReference; lastKnownFileType = sourcecode.swift; path = BreedDetailView.swift; sourceTree = "<group>"; };
		7275AA622A3777F300776C06 /* ListItemView.swift */ = {isa = PBXFileReference; lastKnownFileType = sourcecode.swift; path = ListItemView.swift; sourceTree = "<group>"; };
		72F2D53D2A2F787900645DE2 /* SearchBar.swift */ = {isa = PBXFileReference; lastKnownFileType = sourcecode.swift; path = SearchBar.swift; sourceTree = "<group>"; };
/* End PBXFileReference section */

/* Begin PBXFrameworksBuildPhase section */
		721069322A2E9F80009F4D0F /* Frameworks */ = {
			isa = PBXFrameworksBuildPhase;
			buildActionMask = 2147483647;
			files = (
				721069502A2EA059009F4D0F /* Alamofire in Frameworks */,
			);
			runOnlyForDeploymentPostprocessing = 0;
		};
/* End PBXFrameworksBuildPhase section */

/* Begin PBXGroup section */
		7210692C2A2E9F80009F4D0F = {
			isa = PBXGroup;
			children = (
				721069372A2E9F80009F4D0F /* DogsBreedsImages */,
				721069362A2E9F80009F4D0F /* Products */,
			);
			sourceTree = "<group>";
		};
		721069362A2E9F80009F4D0F /* Products */ = {
			isa = PBXGroup;
			children = (
				721069352A2E9F80009F4D0F /* DogsBreedsImages.app */,
			);
			name = Products;
			sourceTree = "<group>";
		};
		721069372A2E9F80009F4D0F /* DogsBreedsImages */ = {
			isa = PBXGroup;
			children = (
				721069382A2E9F80009F4D0F /* DogsBreedsImagesApp.swift */,
				721069482A2E9FBE009F4D0F /* ViewModels */,
				721069472A2E9FAD009F4D0F /* Views */,
				721069462A2E9F9F009F4D0F /* Models */,
				721069492A2E9FF0009F4D0F /* Networking */,
				7210693C2A2E9F81009F4D0F /* Assets.xcassets */,
				7210693E2A2E9F81009F4D0F /* Preview Content */,
			);
			path = DogsBreedsImages;
			sourceTree = "<group>";
		};
		7210693E2A2E9F81009F4D0F /* Preview Content */ = {
			isa = PBXGroup;
			children = (
				7210693F2A2E9F81009F4D0F /* Preview Assets.xcassets */,
			);
			path = "Preview Content";
			sourceTree = "<group>";
		};
		721069462A2E9F9F009F4D0F /* Models */ = {
			isa = PBXGroup;
			children = (
				7210694A2A2EA00E009F4D0F /* DogBreed.swift */,
			);
			path = Models;
			sourceTree = "<group>";
		};
		721069472A2E9FAD009F4D0F /* Views */ = {
			isa = PBXGroup;
			children = (
				721069532A2EA0DB009F4D0F /* BreedListView.swift */,
				7275AA622A3777F300776C06 /* ListItemView.swift */,
				721069552A2EA0FE009F4D0F /* BreedDetailView.swift */,
				7210693A2A2E9F80009F4D0F /* ContentView.swift */,
				72F2D53D2A2F787900645DE2 /* SearchBar.swift */,
			);
			path = Views;
			sourceTree = "<group>";
		};
		721069482A2E9FBE009F4D0F /* ViewModels */ = {
			isa = PBXGroup;
			children = (
				721069512A2EA094009F4D0F /* BreedViewModel.swift */,
			);
			path = ViewModels;
			sourceTree = "<group>";
		};
		721069492A2E9FF0009F4D0F /* Networking */ = {
			isa = PBXGroup;
			children = (
				7210694C2A2EA026009F4D0F /* DogApi.swift */,
			);
			path = Networking;
			sourceTree = "<group>";
		};
/* End PBXGroup section */

/* Begin PBXNativeTarget section */
		721069342A2E9F80009F4D0F /* DogsBreedsImages */ = {
			isa = PBXNativeTarget;
			buildConfigurationList = 721069432A2E9F81009F4D0F /* Build configuration list for PBXNativeTarget "DogsBreedsImages" */;
			buildPhases = (
				721069312A2E9F80009F4D0F /* Sources */,
				721069322A2E9F80009F4D0F /* Frameworks */,
				721069332A2E9F80009F4D0F /* Resources */,
			);
			buildRules = (
			);
			dependencies = (
			);
			name = DogsBreedsImages;
			packageProductDependencies = (
				7210694F2A2EA059009F4D0F /* Alamofire */,
			);
			productName = DogsBreedsImages;
			productReference = 721069352A2E9F80009F4D0F /* DogsBreedsImages.app */;
			productType = "com.apple.product-type.application";
		};
/* End PBXNativeTarget section */

/* Begin PBXProject section */
		7210692D2A2E9F80009F4D0F /* Project object */ = {
			isa = PBXProject;
			attributes = {
				BuildIndependentTargetsInParallel = 1;
				LastSwiftUpdateCheck = 1430;
				LastUpgradeCheck = 1430;
				TargetAttributes = {
					721069342A2E9F80009F4D0F = {
						CreatedOnToolsVersion = 14.3;
					};
				};
			};
			buildConfigurationList = 721069302A2E9F80009F4D0F /* Build configuration list for PBXProject "DogsBreedsImages" */;
			compatibilityVersion = "Xcode 14.0";
			developmentRegion = en;
			hasScannedForEncodings = 0;
			knownRegions = (
				en,
				Base,
			);
			mainGroup = 7210692C2A2E9F80009F4D0F;
			packageReferences = (
				7210694E2A2EA059009F4D0F /* XCRemoteSwiftPackageReference "Alamofire" */,
			);
			productRefGroup = 721069362A2E9F80009F4D0F /* Products */;
			projectDirPath = "";
			projectRoot = "";
			targets = (
				721069342A2E9F80009F4D0F /* DogsBreedsImages */,
			);
		};
/* End PBXProject section */

/* Begin PBXResourcesBuildPhase section */
		721069332A2E9F80009F4D0F /* Resources */ = {
			isa = PBXResourcesBuildPhase;
			buildActionMask = 2147483647;
			files = (
				721069402A2E9F81009F4D0F /* Preview Assets.xcassets in Resources */,
				7210693D2A2E9F81009F4D0F /* Assets.xcassets in Resources */,
			);
			runOnlyForDeploymentPostprocessing = 0;
		};
/* End PBXResourcesBuildPhase section */

/* Begin PBXSourcesBuildPhase section */
		721069312A2E9F80009F4D0F /* Sources */ = {
			isa = PBXSourcesBuildPhase;
			buildActionMask = 2147483647;
			files = (
				7275AA632A3777F300776C06 /* ListItemView.swift in Sources */,
				721069522A2EA094009F4D0F /* BreedViewModel.swift in Sources */,
				7210693B2A2E9F80009F4D0F /* ContentView.swift in Sources */,
				7210694B2A2EA00E009F4D0F /* DogBreed.swift in Sources */,
				721069562A2EA0FE009F4D0F /* BreedDetailView.swift in Sources */,
				721069392A2E9F80009F4D0F /* DogsBreedsImagesApp.swift in Sources */,
				72F2D53E2A2F787900645DE2 /* SearchBar.swift in Sources */,
				7210694D2A2EA026009F4D0F /* DogApi.swift in Sources */,
				721069542A2EA0DB009F4D0F /* BreedListView.swift in Sources */,
			);
			runOnlyForDeploymentPostprocessing = 0;
		};
/* End PBXSourcesBuildPhase section */

/* Begin XCBuildConfiguration section */
		721069412A2E9F81009F4D0F /* Debug */ = {
			isa = XCBuildConfiguration;
			buildSettings = {
				ALWAYS_SEARCH_USER_PATHS = NO;
				CLANG_ANALYZER_NONNULL = YES;
				CLANG_ANALYZER_NUMBER_OBJECT_CONVERSION = YES_AGGRESSIVE;
				CLANG_CXX_LANGUAGE_STANDARD = "gnu++20";
				CLANG_ENABLE_MODULES = YES;
				CLANG_ENABLE_OBJC_ARC = YES;
				CLANG_ENABLE_OBJC_WEAK = YES;
				CLANG_WARN_BLOCK_CAPTURE_AUTORELEASING = YES;
				CLANG_WARN_BOOL_CONVERSION = YES;
				CLANG_WARN_COMMA = YES;
				CLANG_WARN_CONSTANT_CONVERSION = YES;
				CLANG_WARN_DEPRECATED_OBJC_IMPLEMENTATIONS = YES;
				CLANG_WARN_DIRECT_OBJC_ISA_USAGE = YES_ERROR;
				CLANG_WARN_DOCUMENTATION_COMMENTS = YES;
				CLANG_WARN_EMPTY_BODY = YES;
				CLANG_WARN_ENUM_CONVERSION = YES;
				CLANG_WARN_INFINITE_RECURSION = YES;
				CLANG_WARN_INT_CONVERSION = YES;
				CLANG_WARN_NON_LITERAL_NULL_CONVERSION = YES;
				CLANG_WARN_OBJC_IMPLICIT_RETAIN_SELF = YES;
				CLANG_WARN_OBJC_LITERAL_CONVERSION = YES;
				CLANG_WARN_OBJC_ROOT_CLASS = YES_ERROR;
				CLANG_WARN_QUOTED_INCLUDE_IN_FRAMEWORK_HEADER = YES;
				CLANG_WARN_RANGE_LOOP_ANALYSIS = YES;
				CLANG_WARN_STRICT_PROTOTYPES = YES;
				CLANG_WARN_SUSPICIOUS_MOVE = YES;
				CLANG_WARN_UNGUARDED_AVAILABILITY = YES_AGGRESSIVE;
				CLANG_WARN_UNREACHABLE_CODE = YES;
				CLANG_WARN__DUPLICATE_METHOD_MATCH = YES;
				COPY_PHASE_STRIP = NO;
				DEBUG_INFORMATION_FORMAT = dwarf;
				ENABLE_STRICT_OBJC_MSGSEND = YES;
				ENABLE_TESTABILITY = YES;
				GCC_C_LANGUAGE_STANDARD = gnu11;
				GCC_DYNAMIC_NO_PIC = NO;
				GCC_NO_COMMON_BLOCKS = YES;
				GCC_OPTIMIZATION_LEVEL = 0;
				GCC_PREPROCESSOR_DEFINITIONS = (
					"DEBUG=1",
					"$(inherited)",
				);
				GCC_WARN_64_TO_32_BIT_CONVERSION = YES;
				GCC_WARN_ABOUT_RETURN_TYPE = YES_ERROR;
				GCC_WARN_UNDECLARED_SELECTOR = YES;
				GCC_WARN_UNINITIALIZED_AUTOS = YES_AGGRESSIVE;
				GCC_WARN_UNUSED_FUNCTION = YES;
				GCC_WARN_UNUSED_VARIABLE = YES;
				IPHONEOS_DEPLOYMENT_TARGET = 16.4;
				MTL_ENABLE_DEBUG_INFO = INCLUDE_SOURCE;
				MTL_FAST_MATH = YES;
				ONLY_ACTIVE_ARCH = YES;
				SDKROOT = iphoneos;
				SWIFT_ACTIVE_COMPILATION_CONDITIONS = DEBUG;
				SWIFT_OPTIMIZATION_LEVEL = "-Onone";
			};
			name = Debug;
		};
		721069422A2E9F81009F4D0F /* Release */ = {
			isa = XCBuildConfiguration;
			buildSettings = {
				ALWAYS_SEARCH_USER_PATHS = NO;
				CLANG_ANALYZER_NONNULL = YES;
				CLANG_ANALYZER_NUMBER_OBJECT_CONVERSION = YES_AGGRESSIVE;
				CLANG_CXX_LANGUAGE_STANDARD = "gnu++20";
				CLANG_ENABLE_MODULES = YES;
				CLANG_ENABLE_OBJC_ARC = YES;
				CLANG_ENABLE_OBJC_WEAK = YES;
				CLANG_WARN_BLOCK_CAPTURE_AUTORELEASING = YES;
				CLANG_WARN_BOOL_CONVERSION = YES;
				CLANG_WARN_COMMA = YES;
				CLANG_WARN_CONSTANT_CONVERSION = YES;
				CLANG_WARN_DEPRECATED_OBJC_IMPLEMENTATIONS = YES;
				CLANG_WARN_DIRECT_OBJC_ISA_USAGE = YES_ERROR;
				CLANG_WARN_DOCUMENTATION_COMMENTS = YES;
				CLANG_WARN_EMPTY_BODY = YES;
				CLANG_WARN_ENUM_CONVERSION = YES;
				CLANG_WARN_INFINITE_RECURSION = YES;
				CLANG_WARN_INT_CONVERSION = YES;
				CLANG_WARN_NON_LITERAL_NULL_CONVERSION = YES;
				CLANG_WARN_OBJC_IMPLICIT_RETAIN_SELF = YES;
				CLANG_WARN_OBJC_LITERAL_CONVERSION = YES;
				CLANG_WARN_OBJC_ROOT_CLASS = YES_ERROR;
				CLANG_WARN_QUOTED_INCLUDE_IN_FRAMEWORK_HEADER = YES;
				CLANG_WARN_RANGE_LOOP_ANALYSIS = YES;
				CLANG_WARN_STRICT_PROTOTYPES = YES;
				CLANG_WARN_SUSPICIOUS_MOVE = YES;
				CLANG_WARN_UNGUARDED_AVAILABILITY = YES_AGGRESSIVE;
				CLANG_WARN_UNREACHABLE_CODE = YES;
				CLANG_WARN__DUPLICATE_METHOD_MATCH = YES;
				COPY_PHASE_STRIP = NO;
				DEBUG_INFORMATION_FORMAT = "dwarf-with-dsym";
				ENABLE_NS_ASSERTIONS = NO;
				ENABLE_STRICT_OBJC_MSGSEND = YES;
				GCC_C_LANGUAGE_STANDARD = gnu11;
				GCC_NO_COMMON_BLOCKS = YES;
				GCC_WARN_64_TO_32_BIT_CONVERSION = YES;
				GCC_WARN_ABOUT_RETURN_TYPE = YES_ERROR;
				GCC_WARN_UNDECLARED_SELECTOR = YES;
				GCC_WARN_UNINITIALIZED_AUTOS = YES_AGGRESSIVE;
				GCC_WARN_UNUSED_FUNCTION = YES;
				GCC_WARN_UNUSED_VARIABLE = YES;
				IPHONEOS_DEPLOYMENT_TARGET = 16.4;
				MTL_ENABLE_DEBUG_INFO = NO;
				MTL_FAST_MATH = YES;
				SDKROOT = iphoneos;
				SWIFT_COMPILATION_MODE = wholemodule;
				SWIFT_OPTIMIZATION_LEVEL = "-O";
				VALIDATE_PRODUCT = YES;
			};
			name = Release;
		};
		721069442A2E9F81009F4D0F /* Debug */ = {
			isa = XCBuildConfiguration;
			buildSettings = {
				ASSETCATALOG_COMPILER_APPICON_NAME = AppIcon;
				ASSETCATALOG_COMPILER_GLOBAL_ACCENT_COLOR_NAME = AccentColor;
				CODE_SIGN_STYLE = Automatic;
				CURRENT_PROJECT_VERSION = 1;
				DEVELOPMENT_ASSET_PATHS = "\"DogsBreedsImages/Preview Content\"";
				DEVELOPMENT_TEAM = 3V79883ZGW;
				ENABLE_PREVIEWS = YES;
				GENERATE_INFOPLIST_FILE = YES;
				INFOPLIST_KEY_UIApplicationSceneManifest_Generation = YES;
				INFOPLIST_KEY_UIApplicationSupportsIndirectInputEvents = YES;
				INFOPLIST_KEY_UILaunchScreen_Generation = YES;
				INFOPLIST_KEY_UISupportedInterfaceOrientations_iPad = "UIInterfaceOrientationPortrait UIInterfaceOrientationPortraitUpsideDown UIInterfaceOrientationLandscapeLeft UIInterfaceOrientationLandscapeRight";
				INFOPLIST_KEY_UISupportedInterfaceOrientations_iPhone = "UIInterfaceOrientationPortrait UIInterfaceOrientationLandscapeLeft UIInterfaceOrientationLandscapeRight";
				LD_RUNPATH_SEARCH_PATHS = (
					"$(inherited)",
					"@executable_path/Frameworks",
				);
				MARKETING_VERSION = 1.0;
				PRODUCT_BUNDLE_IDENTIFIER = hackingWithSwift.DogsBreedsImages;
				PRODUCT_NAME = "$(TARGET_NAME)";
				SWIFT_EMIT_LOC_STRINGS = YES;
				SWIFT_VERSION = 5.0;
				TARGETED_DEVICE_FAMILY = "1,2";
			};
			name = Debug;
		};
		721069452A2E9F81009F4D0F /* Release */ = {
			isa = XCBuildConfiguration;
			buildSettings = {
				ASSETCATALOG_COMPILER_APPICON_NAME = AppIcon;
				ASSETCATALOG_COMPILER_GLOBAL_ACCENT_COLOR_NAME = AccentColor;
				CODE_SIGN_STYLE = Automatic;
				CURRENT_PROJECT_VERSION = 1;
				DEVELOPMENT_ASSET_PATHS = "\"DogsBreedsImages/Preview Content\"";
				DEVELOPMENT_TEAM = 3V79883ZGW;
				ENABLE_PREVIEWS = YES;
				GENERATE_INFOPLIST_FILE = YES;
				INFOPLIST_KEY_UIApplicationSceneManifest_Generation = YES;
				INFOPLIST_KEY_UIApplicationSupportsIndirectInputEvents = YES;
				INFOPLIST_KEY_UILaunchScreen_Generation = YES;
				INFOPLIST_KEY_UISupportedInterfaceOrientations_iPad = "UIInterfaceOrientationPortrait UIInterfaceOrientationPortraitUpsideDown UIInterfaceOrientationLandscapeLeft UIInterfaceOrientationLandscapeRight";
				INFOPLIST_KEY_UISupportedInterfaceOrientations_iPhone = "UIInterfaceOrientationPortrait UIInterfaceOrientationLandscapeLeft UIInterfaceOrientationLandscapeRight";
				LD_RUNPATH_SEARCH_PATHS = (
					"$(inherited)",
					"@executable_path/Frameworks",
				);
				MARKETING_VERSION = 1.0;
				PRODUCT_BUNDLE_IDENTIFIER = hackingWithSwift.DogsBreedsImages;
				PRODUCT_NAME = "$(TARGET_NAME)";
				SWIFT_EMIT_LOC_STRINGS = YES;
				SWIFT_VERSION = 5.0;
				TARGETED_DEVICE_FAMILY = "1,2";
			};
			name = Release;
		};
/* End XCBuildConfiguration section */

/* Begin XCConfigurationList section */
		721069302A2E9F80009F4D0F /* Build configuration list for PBXProject "DogsBreedsImages" */ = {
			isa = XCConfigurationList;
			buildConfigurations = (
				721069412A2E9F81009F4D0F /* Debug */,
				721069422A2E9F81009F4D0F /* Release */,
			);
			defaultConfigurationIsVisible = 0;
			defaultConfigurationName = Release;
		};
		721069432A2E9F81009F4D0F /* Build configuration list for PBXNativeTarget "DogsBreedsImages" */ = {
			isa = XCConfigurationList;
			buildConfigurations = (
				721069442A2E9F81009F4D0F /* Debug */,
				721069452A2E9F81009F4D0F /* Release */,
			);
			defaultConfigurationIsVisible = 0;
			defaultConfigurationName = Release;
		};
/* End XCConfigurationList section */

/* Begin XCRemoteSwiftPackageReference section */
		7210694E2A2EA059009F4D0F /* XCRemoteSwiftPackageReference "Alamofire" */ = {
			isa = XCRemoteSwiftPackageReference;
			repositoryURL = "https://github.com/Alamofire/Alamofire.git";
			requirement = {
				kind = upToNextMajorVersion;
				minimumVersion = 5.0.0;
			};
		};
/* End XCRemoteSwiftPackageReference section */

/* Begin XCSwiftPackageProductDependency section */
		7210694F2A2EA059009F4D0F /* Alamofire */ = {
			isa = XCSwiftPackageProductDependency;
			package = 7210694E2A2EA059009F4D0F /* XCRemoteSwiftPackageReference "Alamofire" */;
			productName = Alamofire;
		};
/* End XCSwiftPackageProductDependency section */
	};
	rootObject = 7210692D2A2E9F80009F4D0F /* Project object */;
}
